
Microsoft Visual Studio Solution File, Format Version 12.00
# Visual Studio Version 17
VisualStudioVersion = 17.13.35913.81 d17.13
MinimumVisualStudioVersion = 10.0.40219.1
Project("{FAE04EC0-301F-11D3-BF4B-00C04F79EFBC}") = "SensorProcessorWpf", "SensorProcessorWpf\SensorProcessorWpf.csproj", "{E00D6F2B-74AB-4447-B513-2ECA090BDAC4}"
EndProject
Global
	GlobalSection(SolutionConfigurationPlatforms) = preSolution
		Debug|Any CPU = Debug|Any CPU
		Release|Any CPU = Release|Any CPU
	EndGlobalSection
	GlobalSection(ProjectConfigurationPlatforms) = postSolution
		{E00D6F2B-74AB-4447-B513-2ECA090BDAC4}.Debug|Any CPU.ActiveCfg = Debug|Any CPU
		{E00D6F2B-74AB-4447-B513-2ECA090BDAC4}.Debug|Any CPU.Build.0 = Debug|Any CPU
		{E00D6F2B-74AB-4447-B513-2ECA090BDAC4}.Release|Any CPU.ActiveCfg = Release|Any CPU
		{E00D6F2B-74AB-4447-B513-2ECA090BDAC4}.Release|Any CPU.Build.0 = Release|Any CPU
	EndGlobalSection
	GlobalSection(SolutionProperties) = preSolution
		HideSolutionNode = FALSE
	EndGlobalSection
	GlobalSection(ExtensibilityGlobals) = postSolution
		SolutionGuid = {6A4C0372-1002-445B-8984-0B3ACDB1D765}
	EndGlobalSection
EndGlobal
